{
  "lib\\evm-utils": {
    "tag": {
      "name": "v1.0.3",
      "rev": "88a61d4d7733ade9adb19110dffba33d117df496"
    }
  },
  "lib\\forge-std": {
    "tag": {
      "name": "v1.16.2",
      "rev": "bf647bd6046f2f7da30d0c2bf435e5c76a780c1b"
    }
  },
  "lib\\lockup": {
    "tag": {
      "name": "v3.0.1",
      "rev": "d0882200f335025364c75492b21591b843818cad"
    }
  },
  "lib\\openzeppelin-contracts": {
    "tag": {
      "name": "v5.7.0",
      "rev": "cab19933c33c2ad1d4c7a84864a3601dddfd16f3"
    }
  },
  "lib/prb-math": {
    "rev": "29a3c06c709496a8f9775dea115935befc5158a7"
  },
